
Microsoft Visual Studio Solution File, Format Version 12.00
# Visual Studio Version 17
VisualStudioVersion = 17.0.32014.148
MinimumVisualStudioVersion = 10.0.40219.1
Project("{9A19103F-16F7-4668-BE54-9A1E7A4F7556}") = "EshopMashtiHasan", "EshopMashtiHasan\EshopMashtiHasan.csproj", "{74095B96-98AD-4E0D-9428-D8E617D751FD}"
EndProject
Project("{2150E333-8FDC-42A3-9474-1A3956D46DE8}") = "DomainModel", "DomainModel", "{93C6A894-DCC4-4324-8EBA-09F62F63D20D}"
EndProject
Project("{2150E333-8FDC-42A3-9474-1A3956D46DE8}") = "BootStrap", "BootStrap", "{11559136-C3F2-4871-B2B5-B388EEDD9A8E}"
EndProject
Project("{2150E333-8FDC-42A3-9474-1A3956D46DE8}") = "DataAccess", "DataAccess", "{369A38B8-A1FC-4ABF-B182-10DC1B899C1B}"
EndProject
Project("{2150E333-8FDC-42A3-9474-1A3956D46DE8}") = "Bussiness", "Bussiness", "{44CB13FF-571B-416E-BB47-09511B7B59F4}"
EndProject
Project("{9A19103F-16F7-4668-BE54-9A1E7A4F7556}") = "Shopping.DomainModel", "Shopping.DomainModel\Shopping.DomainModel.csproj", "{A632091C-5773-4794-930C-1FEA7FB388A8}"
EndProject
Project("{9A19103F-16F7-4668-BE54-9A1E7A4F7556}") = "Shopping.DataAcceServiceContract", "Shopping.DataAcceServiceContract\Shopping.DataAcceServiceContract.csproj", "{9689AAD7-809A-4832-A74D-FDA636D21DA6}"
EndProject
Project("{9A19103F-16F7-4668-BE54-9A1E7A4F7556}") = "Shopping.DataAccess", "Shopping.DataAccess\Shopping.DataAccess.csproj", "{A29C71F5-1AAC-4491-9503-3CB684546BDB}"
EndProject
Project("{9A19103F-16F7-4668-BE54-9A1E7A4F7556}") = "Shopping.Bussiness", "Shopping.Bussiness\Shopping.Bussiness.csproj", "{7457CE22-8759-47A9-93CE-464BAEDADF04}"
EndProject
Project("{9A19103F-16F7-4668-BE54-9A1E7A4F7556}") = "Shopping.BussinessServiceContract", "Shopping.BussinessServiceContract\Shopping.BussinessServiceContract.csproj", "{03A58E1E-1F4A-47B2-8658-D8A7F7E49204}"
EndProject
Project("{9A19103F-16F7-4668-BE54-9A1E7A4F7556}") = "Shopping.BootStrap", "Shopping.BootStrap\Shopping.BootStrap.csproj", "{388A15D1-E2C7-4F4C-AA1C-3D36382FBCC4}"
EndProject
Project("{2150E333-8FDC-42A3-9474-1A3956D46DE8}") = "FrameWork", "FrameWork", "{9A4D4466-E6CF-4B62-BA10-D71E83CD2CD8}"
EndProject
Project("{9A19103F-16F7-4668-BE54-9A1E7A4F7556}") = "Framework", "Framework\Framework.csproj", "{FBFBAAEF-FCFA-4C5D-862B-C19354B5837D}"
EndProject
Project("{9A19103F-16F7-4668-BE54-9A1E7A4F7556}") = "Security.Domain", "Security.Domain\Security.Domain.csproj", "{4067B8F4-2157-485C-B9B1-4D1F9910FDEA}"
EndProject
Project("{9A19103F-16F7-4668-BE54-9A1E7A4F7556}") = "Security.BootStrap", "Security.BootStrap\Security.BootStrap.csproj", "{8E332978-34FC-4D78-87C4-9B08481CF542}"
EndProject
Project("{9A19103F-16F7-4668-BE54-9A1E7A4F7556}") = "Security.DataAccessServiceContract", "Security.DataAccessServiceContract\Security.DataAccessServiceContract.csproj", "{BBDC84E2-1DA7-44B8-8DDC-254906EBD64A}"
EndProject
Project("{9A19103F-16F7-4668-BE54-9A1E7A4F7556}") = "Security.DataAccess", "Security.DataAccess\Security.DataAccess.csproj", "{E5D40CC5-F559-4BF1-9C2E-2FC50BD857F7}"
EndProject
Project("{FAE04EC0-301F-11D3-BF4B-00C04F79EFBC}") = "Security.Bussiness", "Security.Bussiness\Security.Bussiness.csproj", "{FB7B7142-2F43-43A6-A363-926C38471606}"
EndProject
Project("{FAE04EC0-301F-11D3-BF4B-00C04F79EFBC}") = "Security.BussinessServiceContract", "Security.BussinessServiceContract\Security.BussinessServiceContract.csproj", "{711D409D-0D90-44C5-8C8B-6A466EB81E47}"
EndProject
Global
	GlobalSection(SolutionConfigurationPlatforms) = preSolution
		Debug|Any CPU = Debug|Any CPU
		Release|Any CPU = Release|Any CPU
	EndGlobalSection
	GlobalSection(ProjectConfigurationPlatforms) = postSolution
		{74095B96-98AD-4E0D-9428-D8E617D751FD}.Debug|Any CPU.ActiveCfg = Debug|Any CPU
		{74095B96-98AD-4E0D-9428-D8E617D751FD}.Debug|Any CPU.Build.0 = Debug|Any CPU
		{74095B96-98AD-4E0D-9428-D8E617D751FD}.Release|Any CPU.ActiveCfg = Release|Any CPU
		{74095B96-98AD-4E0D-9428-D8E617D751FD}.Release|Any CPU.Build.0 = Release|Any CPU
		{A632091C-5773-4794-930C-1FEA7FB388A8}.Debug|Any CPU.ActiveCfg = Debug|Any CPU
		{A632091C-5773-4794-930C-1FEA7FB388A8}.Debug|Any CPU.Build.0 = Debug|Any CPU
		{A632091C-5773-4794-930C-1FEA7FB388A8}.Release|Any CPU.ActiveCfg = Release|Any CPU
		{A632091C-5773-4794-930C-1FEA7FB388A8}.Release|Any CPU.Build.0 = Release|Any CPU
		{9689AAD7-809A-4832-A74D-FDA636D21DA6}.Debug|Any CPU.ActiveCfg = Debug|Any CPU
		{9689AAD7-809A-4832-A74D-FDA636D21DA6}.Debug|Any CPU.Build.0 = Debug|Any CPU
		{9689AAD7-809A-4832-A74D-FDA636D21DA6}.Release|Any CPU.ActiveCfg = Release|Any CPU
		{9689AAD7-809A-4832-A74D-FDA636D21DA6}.Release|Any CPU.Build.0 = Release|Any CPU
		{A29C71F5-1AAC-4491-9503-3CB684546BDB}.Debug|Any CPU.ActiveCfg = Debug|Any CPU
		{A29C71F5-1AAC-4491-9503-3CB684546BDB}.Debug|Any CPU.Build.0 = Debug|Any CPU
		{A29C71F5-1AAC-4491-9503-3CB684546BDB}.Release|Any CPU.ActiveCfg = Release|Any CPU
		{A29C71F5-1AAC-4491-9503-3CB684546BDB}.Release|Any CPU.Build.0 = Release|Any CPU
		{7457CE22-8759-47A9-93CE-464BAEDADF04}.Debug|Any CPU.ActiveCfg = Debug|Any CPU
		{7457CE22-8759-47A9-93CE-464BAEDADF04}.Debug|Any CPU.Build.0 = Debug|Any CPU
		{7457CE22-8759-47A9-93CE-464BAEDADF04}.Release|Any CPU.ActiveCfg = Release|Any CPU
		{7457CE22-8759-47A9-93CE-464BAEDADF04}.Release|Any CPU.Build.0 = Release|Any CPU
		{03A58E1E-1F4A-47B2-8658-D8A7F7E49204}.Debug|Any CPU.ActiveCfg = Debug|Any CPU
		{03A58E1E-1F4A-47B2-8658-D8A7F7E49204}.Debug|Any CPU.Build.0 = Debug|Any CPU
		{03A58E1E-1F4A-47B2-8658-D8A7F7E49204}.Release|Any CPU.ActiveCfg = Release|Any CPU
		{03A58E1E-1F4A-47B2-8658-D8A7F7E49204}.Release|Any CPU.Build.0 = Release|Any CPU
		{388A15D1-E2C7-4F4C-AA1C-3D36382FBCC4}.Debug|Any CPU.ActiveCfg = Debug|Any CPU
		{388A15D1-E2C7-4F4C-AA1C-3D36382FBCC4}.Debug|Any CPU.Build.0 = Debug|Any CPU
		{388A15D1-E2C7-4F4C-AA1C-3D36382FBCC4}.Release|Any CPU.ActiveCfg = Release|Any CPU
		{388A15D1-E2C7-4F4C-AA1C-3D36382FBCC4}.Release|Any CPU.Build.0 = Release|Any CPU
		{FBFBAAEF-FCFA-4C5D-862B-C19354B5837D}.Debug|Any CPU.ActiveCfg = Debug|Any CPU
		{FBFBAAEF-FCFA-4C5D-862B-C19354B5837D}.Debug|Any CPU.Build.0 = Debug|Any CPU
		{FBFBAAEF-FCFA-4C5D-862B-C19354B5837D}.Release|Any CPU.ActiveCfg = Release|Any CPU
		{FBFBAAEF-FCFA-4C5D-862B-C19354B5837D}.Release|Any CPU.Build.0 = Release|Any CPU
		{4067B8F4-2157-485C-B9B1-4D1F9910FDEA}.Debug|Any CPU.ActiveCfg = Debug|Any CPU
		{4067B8F4-2157-485C-B9B1-4D1F9910FDEA}.Debug|Any CPU.Build.0 = Debug|Any CPU
		{4067B8F4-2157-485C-B9B1-4D1F9910FDEA}.Release|Any CPU.ActiveCfg = Release|Any CPU
		{4067B8F4-2157-485C-B9B1-4D1F9910FDEA}.Release|Any CPU.Build.0 = Release|Any CPU
		{8E332978-34FC-4D78-87C4-9B08481CF542}.Debug|Any CPU.ActiveCfg = Debug|Any CPU
		{8E332978-34FC-4D78-87C4-9B08481CF542}.Debug|Any CPU.Build.0 = Debug|Any CPU
		{8E332978-34FC-4D78-87C4-9B08481CF542}.Release|Any CPU.ActiveCfg = Release|Any CPU
		{8E332978-34FC-4D78-87C4-9B08481CF542}.Release|Any CPU.Build.0 = Release|Any CPU
		{BBDC84E2-1DA7-44B8-8DDC-254906EBD64A}.Debug|Any CPU.ActiveCfg = Debug|Any CPU
		{BBDC84E2-1DA7-44B8-8DDC-254906EBD64A}.Debug|Any CPU.Build.0 = Debug|Any CPU
		{BBDC84E2-1DA7-44B8-8DDC-254906EBD64A}.Release|Any CPU.ActiveCfg = Release|Any CPU
		{BBDC84E2-1DA7-44B8-8DDC-254906EBD64A}.Release|Any CPU.Build.0 = Release|Any CPU
		{E5D40CC5-F559-4BF1-9C2E-2FC50BD857F7}.Debug|Any CPU.ActiveCfg = Debug|Any CPU
		{E5D40CC5-F559-4BF1-9C2E-2FC50BD857F7}.Debug|Any CPU.Build.0 = Debug|Any CPU
		{E5D40CC5-F559-4BF1-9C2E-2FC50BD857F7}.Release|Any CPU.ActiveCfg = Release|Any CPU
		{E5D40CC5-F559-4BF1-9C2E-2FC50BD857F7}.Release|Any CPU.Build.0 = Release|Any CPU
		{FB7B7142-2F43-43A6-A363-926C38471606}.Debug|Any CPU.ActiveCfg = Debug|Any CPU
		{FB7B7142-2F43-43A6-A363-926C38471606}.Debug|Any CPU.Build.0 = Debug|Any CPU
		{FB7B7142-2F43-43A6-A363-926C38471606}.Release|Any CPU.ActiveCfg = Release|Any CPU
		{FB7B7142-2F43-43A6-A363-926C38471606}.Release|Any CPU.Build.0 = Release|Any CPU
		{711D409D-0D90-44C5-8C8B-6A466EB81E47}.Debug|Any CPU.ActiveCfg = Debug|Any CPU
		{711D409D-0D90-44C5-8C8B-6A466EB81E47}.Debug|Any CPU.Build.0 = Debug|Any CPU
		{711D409D-0D90-44C5-8C8B-6A466EB81E47}.Release|Any CPU.ActiveCfg = Release|Any CPU
		{711D409D-0D90-44C5-8C8B-6A466EB81E47}.Release|Any CPU.Build.0 = Release|Any CPU
	EndGlobalSection
	GlobalSection(SolutionProperties) = preSolution
		HideSolutionNode = FALSE
	EndGlobalSection
	GlobalSection(NestedProjects) = preSolution
		{A632091C-5773-4794-930C-1FEA7FB388A8} = {93C6A894-DCC4-4324-8EBA-09F62F63D20D}
		{9689AAD7-809A-4832-A74D-FDA636D21DA6} = {369A38B8-A1FC-4ABF-B182-10DC1B899C1B}
		{A29C71F5-1AAC-4491-9503-3CB684546BDB} = {369A38B8-A1FC-4ABF-B182-10DC1B899C1B}
		{7457CE22-8759-47A9-93CE-464BAEDADF04} = {44CB13FF-571B-416E-BB47-09511B7B59F4}
		{03A58E1E-1F4A-47B2-8658-D8A7F7E49204} = {44CB13FF-571B-416E-BB47-09511B7B59F4}
		{388A15D1-E2C7-4F4C-AA1C-3D36382FBCC4} = {11559136-C3F2-4871-B2B5-B388EEDD9A8E}
		{FBFBAAEF-FCFA-4C5D-862B-C19354B5837D} = {9A4D4466-E6CF-4B62-BA10-D71E83CD2CD8}
		{4067B8F4-2157-485C-B9B1-4D1F9910FDEA} = {93C6A894-DCC4-4324-8EBA-09F62F63D20D}
		{8E332978-34FC-4D78-87C4-9B08481CF542} = {11559136-C3F2-4871-B2B5-B388EEDD9A8E}
		{BBDC84E2-1DA7-44B8-8DDC-254906EBD64A} = {369A38B8-A1FC-4ABF-B182-10DC1B899C1B}
		{E5D40CC5-F559-4BF1-9C2E-2FC50BD857F7} = {369A38B8-A1FC-4ABF-B182-10DC1B899C1B}
		{FB7B7142-2F43-43A6-A363-926C38471606} = {44CB13FF-571B-416E-BB47-09511B7B59F4}
		{711D409D-0D90-44C5-8C8B-6A466EB81E47} = {44CB13FF-571B-416E-BB47-09511B7B59F4}
	EndGlobalSection
	GlobalSection(ExtensibilityGlobals) = postSolution
		SolutionGuid = {D5966D58-E3BE-41E4-91FD-D833BA5B8860}
	EndGlobalSection
EndGlobal
